
Microsoft Visual Studio Solution File, Format Version 12.00
# Visual Studio Version 16
VisualStudioVersion = 16.0.29926.136
MinimumVisualStudioVersion = 10.0.40219.1
Project("{9092AA53-FB77-4645-B42D-1CCCA6BD08BD}") = "Blog.Admin", "Blog.Admin\Blog.Admin.njsproj", "{A0827039-6296-4F43-94C4-9391F36D30FF}"
EndProject
Project("{9A19103F-16F7-4668-BE54-9A1E7A4F7556}") = "Blog.API", "Blog.API\Blog.API.csproj", "{C9938312-9160-4F0A-B28B-F75C7D7F9880}"
EndProject
Project("{9A19103F-16F7-4668-BE54-9A1E7A4F7556}") = "Infrastructure.Persistence", "Infrastructure.Persistence\Infrastructure.Persistence.csproj", "{28D2FBDF-3605-44E0-87AE-875608DC0825}"
EndProject
Project("{2150E333-8FDC-42A3-9474-1A3956D46DE8}") = "Tests", "Tests", "{CF80A977-4D88-449A-8D31-5580178FD608}"
EndProject
Project("{2150E333-8FDC-42A3-9474-1A3956D46DE8}") = "Source", "Source", "{30876CC2-34E0-4F53-93AB-587AC1A2D39A}"
EndProject
Project("{2150E333-8FDC-42A3-9474-1A3956D46DE8}") = "Core", "Core", "{EF2E0E19-E384-4C9F-9B6C-6FDD7CC344B3}"
EndProject
Project("{2150E333-8FDC-42A3-9474-1A3956D46DE8}") = "Infrastructure", "Infrastructure", "{20E00A0B-446C-4E10-9917-85BCCD2658DC}"
EndProject
Project("{2150E333-8FDC-42A3-9474-1A3956D46DE8}") = "WebApi", "WebApi", "{5B7C6027-8628-4645-94DE-4AF098F354D3}"
EndProject
Project("{9A19103F-16F7-4668-BE54-9A1E7A4F7556}") = "Application", "Application\Application.csproj", "{4722F83A-9C13-4135-B31A-1745DC0F51A3}"
EndProject
Project("{2150E333-8FDC-42A3-9474-1A3956D46DE8}") = "Infrastructure", "Infrastructure", "{BE35D2C5-DBFE-4B09-BF95-06C073534706}"
EndProject
Project("{9A19103F-16F7-4668-BE54-9A1E7A4F7556}") = "Infrastructure.Persistence.Tests", "Infrastructure.Persistence.Tests\Infrastructure.Persistence.Tests.csproj", "{8DD5C063-ABC9-4A44-AD59-8632C01DA287}"
EndProject
Project("{9A19103F-16F7-4668-BE54-9A1E7A4F7556}") = "Infrastructure.Security", "Infrastructure.Security\Infrastructure.Security.csproj", "{943271C3-8C81-4215-8C95-71255C1C4A2C}"
EndProject
Project("{9A19103F-16F7-4668-BE54-9A1E7A4F7556}") = "Infrastructure.Security.Tests", "Infrastructure.Security.Tests\Infrastructure.Security.Tests.csproj", "{66A63285-AEFB-4B5F-8C2F-677C5403114A}"
EndProject
Global
	GlobalSection(SolutionConfigurationPlatforms) = preSolution
		Debug|Any CPU = Debug|Any CPU
		Release|Any CPU = Release|Any CPU
	EndGlobalSection
	GlobalSection(ProjectConfigurationPlatforms) = postSolution
		{A0827039-6296-4F43-94C4-9391F36D30FF}.Debug|Any CPU.ActiveCfg = Debug|Any CPU
		{A0827039-6296-4F43-94C4-9391F36D30FF}.Debug|Any CPU.Build.0 = Debug|Any CPU
		{A0827039-6296-4F43-94C4-9391F36D30FF}.Release|Any CPU.ActiveCfg = Release|Any CPU
		{A0827039-6296-4F43-94C4-9391F36D30FF}.Release|Any CPU.Build.0 = Release|Any CPU
		{C9938312-9160-4F0A-B28B-F75C7D7F9880}.Debug|Any CPU.ActiveCfg = Debug|Any CPU
		{C9938312-9160-4F0A-B28B-F75C7D7F9880}.Debug|Any CPU.Build.0 = Debug|Any CPU
		{C9938312-9160-4F0A-B28B-F75C7D7F9880}.Release|Any CPU.ActiveCfg = Release|Any CPU
		{C9938312-9160-4F0A-B28B-F75C7D7F9880}.Release|Any CPU.Build.0 = Release|Any CPU
		{28D2FBDF-3605-44E0-87AE-875608DC0825}.Debug|Any CPU.ActiveCfg = Debug|Any CPU
		{28D2FBDF-3605-44E0-87AE-875608DC0825}.Debug|Any CPU.Build.0 = Debug|Any CPU
		{28D2FBDF-3605-44E0-87AE-875608DC0825}.Release|Any CPU.ActiveCfg = Release|Any CPU
		{28D2FBDF-3605-44E0-87AE-875608DC0825}.Release|Any CPU.Build.0 = Release|Any CPU
		{4722F83A-9C13-4135-B31A-1745DC0F51A3}.Debug|Any CPU.ActiveCfg = Debug|Any CPU
		{4722F83A-9C13-4135-B31A-1745DC0F51A3}.Debug|Any CPU.Build.0 = Debug|Any CPU
		{4722F83A-9C13-4135-B31A-1745DC0F51A3}.Release|Any CPU.ActiveCfg = Release|Any CPU
		{4722F83A-9C13-4135-B31A-1745DC0F51A3}.Release|Any CPU.Build.0 = Release|Any CPU
		{8DD5C063-ABC9-4A44-AD59-8632C01DA287}.Debug|Any CPU.ActiveCfg = Debug|Any CPU
		{8DD5C063-ABC9-4A44-AD59-8632C01DA287}.Debug|Any CPU.Build.0 = Debug|Any CPU
		{8DD5C063-ABC9-4A44-AD59-8632C01DA287}.Release|Any CPU.ActiveCfg = Release|Any CPU
		{8DD5C063-ABC9-4A44-AD59-8632C01DA287}.Release|Any CPU.Build.0 = Release|Any CPU
		{943271C3-8C81-4215-8C95-71255C1C4A2C}.Debug|Any CPU.ActiveCfg = Debug|Any CPU
		{943271C3-8C81-4215-8C95-71255C1C4A2C}.Debug|Any CPU.Build.0 = Debug|Any CPU
		{943271C3-8C81-4215-8C95-71255C1C4A2C}.Release|Any CPU.ActiveCfg = Release|Any CPU
		{943271C3-8C81-4215-8C95-71255C1C4A2C}.Release|Any CPU.Build.0 = Release|Any CPU
		{66A63285-AEFB-4B5F-8C2F-677C5403114A}.Debug|Any CPU.ActiveCfg = Debug|Any CPU
		{66A63285-AEFB-4B5F-8C2F-677C5403114A}.Debug|Any CPU.Build.0 = Debug|Any CPU
		{66A63285-AEFB-4B5F-8C2F-677C5403114A}.Release|Any CPU.ActiveCfg = Release|Any CPU
		{66A63285-AEFB-4B5F-8C2F-677C5403114A}.Release|Any CPU.Build.0 = Release|Any CPU
	EndGlobalSection
	GlobalSection(SolutionProperties) = preSolution
		HideSolutionNode = FALSE
	EndGlobalSection
	GlobalSection(NestedProjects) = preSolution
		{C9938312-9160-4F0A-B28B-F75C7D7F9880} = {5B7C6027-8628-4645-94DE-4AF098F354D3}
		{28D2FBDF-3605-44E0-87AE-875608DC0825} = {20E00A0B-446C-4E10-9917-85BCCD2658DC}
		{EF2E0E19-E384-4C9F-9B6C-6FDD7CC344B3} = {30876CC2-34E0-4F53-93AB-587AC1A2D39A}
		{20E00A0B-446C-4E10-9917-85BCCD2658DC} = {30876CC2-34E0-4F53-93AB-587AC1A2D39A}
		{5B7C6027-8628-4645-94DE-4AF098F354D3} = {30876CC2-34E0-4F53-93AB-587AC1A2D39A}
		{4722F83A-9C13-4135-B31A-1745DC0F51A3} = {EF2E0E19-E384-4C9F-9B6C-6FDD7CC344B3}
		{BE35D2C5-DBFE-4B09-BF95-06C073534706} = {CF80A977-4D88-449A-8D31-5580178FD608}
		{8DD5C063-ABC9-4A44-AD59-8632C01DA287} = {BE35D2C5-DBFE-4B09-BF95-06C073534706}
		{943271C3-8C81-4215-8C95-71255C1C4A2C} = {20E00A0B-446C-4E10-9917-85BCCD2658DC}
		{66A63285-AEFB-4B5F-8C2F-677C5403114A} = {BE35D2C5-DBFE-4B09-BF95-06C073534706}
	EndGlobalSection
	GlobalSection(ExtensibilityGlobals) = postSolution
		SolutionGuid = {47667BAA-FB7C-4181-8E52-E5BC432DE8ED}
	EndGlobalSection
EndGlobal
