
Microsoft Visual Studio Solution File, Format Version 12.00
# Visual Studio Version 16
VisualStudioVersion = 16.0.29926.136
MinimumVisualStudioVersion = 10.0.40219.1
Project("{9092AA53-FB77-4645-B42D-1CCCA6BD08BD}") = "Blog.Admin", "Blog.Admin\Blog.Admin.njsproj", "{A0827039-6296-4F43-94C4-9391F36D30FF}"
EndProject
Project("{9A19103F-16F7-4668-BE54-9A1E7A4F7556}") = "Blog.API", "Blog.API\Blog.API.csproj", "{C9938312-9160-4F0A-B28B-F75C7D7F9880}"
EndProject
Global
	GlobalSection(SolutionConfigurationPlatforms) = preSolution
		Debug|Any CPU = Debug|Any CPU
		Release|Any CPU = Release|Any CPU
	EndGlobalSection
	GlobalSection(ProjectConfigurationPlatforms) = postSolution
		{A0827039-6296-4F43-94C4-9391F36D30FF}.Debug|Any CPU.ActiveCfg = Debug|Any CPU
		{A0827039-6296-4F43-94C4-9391F36D30FF}.Debug|Any CPU.Build.0 = Debug|Any CPU
		{A0827039-6296-4F43-94C4-9391F36D30FF}.Release|Any CPU.ActiveCfg = Release|Any CPU
		{A0827039-6296-4F43-94C4-9391F36D30FF}.Release|Any CPU.Build.0 = Release|Any CPU
		{C9938312-9160-4F0A-B28B-F75C7D7F9880}.Debug|Any CPU.ActiveCfg = Debug|Any CPU
		{C9938312-9160-4F0A-B28B-F75C7D7F9880}.Debug|Any CPU.Build.0 = Debug|Any CPU
		{C9938312-9160-4F0A-B28B-F75C7D7F9880}.Release|Any CPU.ActiveCfg = Release|Any CPU
		{C9938312-9160-4F0A-B28B-F75C7D7F9880}.Release|Any CPU.Build.0 = Release|Any CPU
	EndGlobalSection
	GlobalSection(SolutionProperties) = preSolution
		HideSolutionNode = FALSE
	EndGlobalSection
	GlobalSection(ExtensibilityGlobals) = postSolution
		SolutionGuid = {47667BAA-FB7C-4181-8E52-E5BC432DE8ED}
	EndGlobalSection
EndGlobal
